
Microsoft Visual Studio Solution File, Format Version 12.00
# Visual Studio Version 17
VisualStudioVersion = 17.1.32228.430
MinimumVisualStudioVersion = 10.0.40219.1
Project("{FAE04EC0-301F-11D3-BF4B-00C04F79EFBC}") = "MedidorcitoWeb", "MedidorcitoWeb\MedidorcitoWeb.csproj", "{922731A7-E2F4-415E-B1CA-AAA2E2AC0E32}"
EndProject
Project("{FAE04EC0-301F-11D3-BF4B-00C04F79EFBC}") = "MedidorcitoModel", "MedidorcitoModel\MedidorcitoModel.csproj", "{FF355262-3052-4D75-AB2F-70D1B11E4DBF}"
EndProject
Global
	GlobalSection(SolutionConfigurationPlatforms) = preSolution
		Debug|Any CPU = Debug|Any CPU
		Release|Any CPU = Release|Any CPU
	EndGlobalSection
	GlobalSection(ProjectConfigurationPlatforms) = postSolution
		{922731A7-E2F4-415E-B1CA-AAA2E2AC0E32}.Debug|Any CPU.ActiveCfg = Debug|Any CPU
		{922731A7-E2F4-415E-B1CA-AAA2E2AC0E32}.Debug|Any CPU.Build.0 = Debug|Any CPU
		{922731A7-E2F4-415E-B1CA-AAA2E2AC0E32}.Release|Any CPU.ActiveCfg = Release|Any CPU
		{922731A7-E2F4-415E-B1CA-AAA2E2AC0E32}.Release|Any CPU.Build.0 = Release|Any CPU
		{FF355262-3052-4D75-AB2F-70D1B11E4DBF}.Debug|Any CPU.ActiveCfg = Debug|Any CPU
		{FF355262-3052-4D75-AB2F-70D1B11E4DBF}.Debug|Any CPU.Build.0 = Debug|Any CPU
		{FF355262-3052-4D75-AB2F-70D1B11E4DBF}.Release|Any CPU.ActiveCfg = Release|Any CPU
		{FF355262-3052-4D75-AB2F-70D1B11E4DBF}.Release|Any CPU.Build.0 = Release|Any CPU
	EndGlobalSection
	GlobalSection(SolutionProperties) = preSolution
		HideSolutionNode = FALSE
	EndGlobalSection
	GlobalSection(ExtensibilityGlobals) = postSolution
		SolutionGuid = {3CDEAA12-6080-4221-B4E6-57CF4B39162D}
	EndGlobalSection
EndGlobal
